
Microsoft Visual Studio Solution File, Format Version 12.00
# Visual Studio Version 16
VisualStudioVersion = 16.0.32901.82
MinimumVisualStudioVersion = 10.0.40219.1
Project("{FAE04EC0-301F-11D3-BF4B-00C04F79EFBC}") = "Практическая 5 пример 2", "Практическая 5 пример 2\Практическая 5 пример 2.csproj", "{C29F5126-DF3D-482B-A5B1-673FDF0D997A}"
EndProject
Global
	GlobalSection(SolutionConfigurationPlatforms) = preSolution
		Debug|Any CPU = Debug|Any CPU
		Release|Any CPU = Release|Any CPU
	EndGlobalSection
	GlobalSection(ProjectConfigurationPlatforms) = postSolution
		{C29F5126-DF3D-482B-A5B1-673FDF0D997A}.Debug|Any CPU.ActiveCfg = Debug|Any CPU
		{C29F5126-DF3D-482B-A5B1-673FDF0D997A}.Debug|Any CPU.Build.0 = Debug|Any CPU
		{C29F5126-DF3D-482B-A5B1-673FDF0D997A}.Release|Any CPU.ActiveCfg = Release|Any CPU
		{C29F5126-DF3D-482B-A5B1-673FDF0D997A}.Release|Any CPU.Build.0 = Release|Any CPU
	EndGlobalSection
	GlobalSection(SolutionProperties) = preSolution
		HideSolutionNode = FALSE
	EndGlobalSection
	GlobalSection(ExtensibilityGlobals) = postSolution
		SolutionGuid = {7F635102-023D-40CA-8125-29CB8EA99F60}
	EndGlobalSection
EndGlobal
